
Microsoft Visual Studio Solution File, Format Version 12.00
# Visual Studio Version 17
VisualStudioVersion = 17.2.32519.379
MinimumVisualStudioVersion = 10.0.40219.1
Project("{FAE04EC0-301F-11D3-BF4B-00C04F79EFBC}") = "MyDi", "MyDi\MyDi.csproj", "{3022A4B5-70C8-4856-A7C2-C5CCC0B2819E}"
EndProject
Global
	GlobalSection(SolutionConfigurationPlatforms) = preSolution
		Debug|Any CPU = Debug|Any CPU
		Release|Any CPU = Release|Any CPU
	EndGlobalSection
	GlobalSection(ProjectConfigurationPlatforms) = postSolution
		{3022A4B5-70C8-4856-A7C2-C5CCC0B2819E}.Debug|Any CPU.ActiveCfg = Debug|Any CPU
		{3022A4B5-70C8-4856-A7C2-C5CCC0B2819E}.Debug|Any CPU.Build.0 = Debug|Any CPU
		{3022A4B5-70C8-4856-A7C2-C5CCC0B2819E}.Release|Any CPU.ActiveCfg = Release|Any CPU
		{3022A4B5-70C8-4856-A7C2-C5CCC0B2819E}.Release|Any CPU.Build.0 = Release|Any CPU
	EndGlobalSection
	GlobalSection(SolutionProperties) = preSolution
		HideSolutionNode = FALSE
	EndGlobalSection
	GlobalSection(ExtensibilityGlobals) = postSolution
		SolutionGuid = {F1354F4F-0773-43E4-B2B1-DA57E30B1DF8}
	EndGlobalSection
EndGlobal
